
Microsoft Visual Studio Solution File, Format Version 12.00
# Visual Studio 15
VisualStudioVersion = 15.0.27428.2037
MinimumVisualStudioVersion = 10.0.40219.1
Project("{FAE04EC0-301F-11D3-BF4B-00C04F79EFBC}") = "RunPipeline", "RunPipeline\RunPipeline.csproj", "{1B4145CC-8B8F-428A-BFBB-5864430CECDE}"
EndProject
Global
	GlobalSection(SolutionConfigurationPlatforms) = preSolution
		Debug|Any CPU = Debug|Any CPU
		Release|Any CPU = Release|Any CPU
	EndGlobalSection
	GlobalSection(ProjectConfigurationPlatforms) = postSolution
		{1B4145CC-8B8F-428A-BFBB-5864430CECDE}.Debug|Any CPU.ActiveCfg = Debug|Any CPU
		{1B4145CC-8B8F-428A-BFBB-5864430CECDE}.Debug|Any CPU.Build.0 = Debug|Any CPU
		{1B4145CC-8B8F-428A-BFBB-5864430CECDE}.Release|Any CPU.ActiveCfg = Release|Any CPU
		{1B4145CC-8B8F-428A-BFBB-5864430CECDE}.Release|Any CPU.Build.0 = Release|Any CPU
	EndGlobalSection
	GlobalSection(SolutionProperties) = preSolution
		HideSolutionNode = FALSE
	EndGlobalSection
	GlobalSection(ExtensibilityGlobals) = postSolution
		SolutionGuid = {B1289D9F-6A64-4495-8B46-8EE9AA11682D}
	EndGlobalSection
EndGlobal
